
Microsoft Visual Studio Solution File, Format Version 12.00
# Visual Studio Version 17
VisualStudioVersion = 17.12.35707.178
MinimumVisualStudioVersion = 10.0.40219.1
Project("{8BC9CEB8-8B4A-11D0-8D11-00A0C91BC942}") = "Functions", "Functions\Functions.vcxproj", "{DD2D9BDA-6F89-4006-B2DA-641E875EFEFD}"
EndProject
Project("{8BC9CEB8-8B4A-11D0-8D11-00A0C91BC942}") = "Function_HW", "Function_HW\Function_HW.vcxproj", "{BDE4C440-D185-4384-96A3-7EAE8954A2EC}"
EndProject
Project("{8BC9CEB8-8B4A-11D0-8D11-00A0C91BC942}") = "Arrays", "Arrays\Arrays.vcxproj", "{68888E49-F57C-44E5-AB72-0D6A2A0BF518}"
EndProject
Project("{8BC9CEB8-8B4A-11D0-8D11-00A0C91BC942}") = "Check", "Check\Check.vcxproj", "{F9F6AF47-A105-4CD8-A3FA-06EA9212DF21}"
EndProject
Project("{8BC9CEB8-8B4A-11D0-8D11-00A0C91BC942}") = "FunctionArrClass", "FunctionArrClass\FunctionArrClass.vcxproj", "{94B1F036-BD7E-4DC9-8670-9A177BF56012}"
EndProject
Project("{8BC9CEB8-8B4A-11D0-8D11-00A0C91BC942}") = "FunctionArrays2D", "FunctionArrays2D\FunctionArrays2D.vcxproj", "{F8732770-19CE-43CA-869F-67B6C3CCD89B}"
EndProject
Global
	GlobalSection(SolutionConfigurationPlatforms) = preSolution
		Debug|x64 = Debug|x64
		Debug|x86 = Debug|x86
		Release|x64 = Release|x64
		Release|x86 = Release|x86
	EndGlobalSection
	GlobalSection(ProjectConfigurationPlatforms) = postSolution
		{DD2D9BDA-6F89-4006-B2DA-641E875EFEFD}.Debug|x64.ActiveCfg = Debug|x64
		{DD2D9BDA-6F89-4006-B2DA-641E875EFEFD}.Debug|x64.Build.0 = Debug|x64
		{DD2D9BDA-6F89-4006-B2DA-641E875EFEFD}.Debug|x86.ActiveCfg = Debug|Win32
		{DD2D9BDA-6F89-4006-B2DA-641E875EFEFD}.Debug|x86.Build.0 = Debug|Win32
		{DD2D9BDA-6F89-4006-B2DA-641E875EFEFD}.Release|x64.ActiveCfg = Release|x64
		{DD2D9BDA-6F89-4006-B2DA-641E875EFEFD}.Release|x64.Build.0 = Release|x64
		{DD2D9BDA-6F89-4006-B2DA-641E875EFEFD}.Release|x86.ActiveCfg = Release|Win32
		{DD2D9BDA-6F89-4006-B2DA-641E875EFEFD}.Release|x86.Build.0 = Release|Win32
		{BDE4C440-D185-4384-96A3-7EAE8954A2EC}.Debug|x64.ActiveCfg = Debug|x64
		{BDE4C440-D185-4384-96A3-7EAE8954A2EC}.Debug|x64.Build.0 = Debug|x64
		{BDE4C440-D185-4384-96A3-7EAE8954A2EC}.Debug|x86.ActiveCfg = Debug|Win32
		{BDE4C440-D185-4384-96A3-7EAE8954A2EC}.Debug|x86.Build.0 = Debug|Win32
		{BDE4C440-D185-4384-96A3-7EAE8954A2EC}.Release|x64.ActiveCfg = Release|x64
		{BDE4C440-D185-4384-96A3-7EAE8954A2EC}.Release|x64.Build.0 = Release|x64
		{BDE4C440-D185-4384-96A3-7EAE8954A2EC}.Release|x86.ActiveCfg = Release|Win32
		{BDE4C440-D185-4384-96A3-7EAE8954A2EC}.Release|x86.Build.0 = Release|Win32
		{68888E49-F57C-44E5-AB72-0D6A2A0BF518}.Debug|x64.ActiveCfg = Debug|x64
		{68888E49-F57C-44E5-AB72-0D6A2A0BF518}.Debug|x64.Build.0 = Debug|x64
		{68888E49-F57C-44E5-AB72-0D6A2A0BF518}.Debug|x86.ActiveCfg = Debug|Win32
		{68888E49-F57C-44E5-AB72-0D6A2A0BF518}.Debug|x86.Build.0 = Debug|Win32
		{68888E49-F57C-44E5-AB72-0D6A2A0BF518}.Release|x64.ActiveCfg = Release|x64
		{68888E49-F57C-44E5-AB72-0D6A2A0BF518}.Release|x64.Build.0 = Release|x64
		{68888E49-F57C-44E5-AB72-0D6A2A0BF518}.Release|x86.ActiveCfg = Release|Win32
		{68888E49-F57C-44E5-AB72-0D6A2A0BF518}.Release|x86.Build.0 = Release|Win32
		{F9F6AF47-A105-4CD8-A3FA-06EA9212DF21}.Debug|x64.ActiveCfg = Debug|x64
		{F9F6AF47-A105-4CD8-A3FA-06EA9212DF21}.Debug|x64.Build.0 = Debug|x64
		{F9F6AF47-A105-4CD8-A3FA-06EA9212DF21}.Debug|x86.ActiveCfg = Debug|Win32
		{F9F6AF47-A105-4CD8-A3FA-06EA9212DF21}.Debug|x86.Build.0 = Debug|Win32
		{F9F6AF47-A105-4CD8-A3FA-06EA9212DF21}.Release|x64.ActiveCfg = Release|x64
		{F9F6AF47-A105-4CD8-A3FA-06EA9212DF21}.Release|x64.Build.0 = Release|x64
		{F9F6AF47-A105-4CD8-A3FA-06EA9212DF21}.Release|x86.ActiveCfg = Release|Win32
		{F9F6AF47-A105-4CD8-A3FA-06EA9212DF21}.Release|x86.Build.0 = Release|Win32
		{94B1F036-BD7E-4DC9-8670-9A177BF56012}.Debug|x64.ActiveCfg = Debug|x64
		{94B1F036-BD7E-4DC9-8670-9A177BF56012}.Debug|x64.Build.0 = Debug|x64
		{94B1F036-BD7E-4DC9-8670-9A177BF56012}.Debug|x86.ActiveCfg = Debug|Win32
		{94B1F036-BD7E-4DC9-8670-9A177BF56012}.Debug|x86.Build.0 = Debug|Win32
		{94B1F036-BD7E-4DC9-8670-9A177BF56012}.Release|x64.ActiveCfg = Release|x64
		{94B1F036-BD7E-4DC9-8670-9A177BF56012}.Release|x64.Build.0 = Release|x64
		{94B1F036-BD7E-4DC9-8670-9A177BF56012}.Release|x86.ActiveCfg = Release|Win32
		{94B1F036-BD7E-4DC9-8670-9A177BF56012}.Release|x86.Build.0 = Release|Win32
		{F8732770-19CE-43CA-869F-67B6C3CCD89B}.Debug|x64.ActiveCfg = Debug|x64
		{F8732770-19CE-43CA-869F-67B6C3CCD89B}.Debug|x64.Build.0 = Debug|x64
		{F8732770-19CE-43CA-869F-67B6C3CCD89B}.Debug|x86.ActiveCfg = Debug|Win32
		{F8732770-19CE-43CA-869F-67B6C3CCD89B}.Debug|x86.Build.0 = Debug|Win32
		{F8732770-19CE-43CA-869F-67B6C3CCD89B}.Release|x64.ActiveCfg = Release|x64
		{F8732770-19CE-43CA-869F-67B6C3CCD89B}.Release|x64.Build.0 = Release|x64
		{F8732770-19CE-43CA-869F-67B6C3CCD89B}.Release|x86.ActiveCfg = Release|Win32
		{F8732770-19CE-43CA-869F-67B6C3CCD89B}.Release|x86.Build.0 = Release|Win32
	EndGlobalSection
	GlobalSection(SolutionProperties) = preSolution
		HideSolutionNode = FALSE
	EndGlobalSection
EndGlobal
